
Microsoft Visual Studio Solution File, Format Version 12.00
# Visual Studio Version 17
VisualStudioVersion = 17.6.33815.320
MinimumVisualStudioVersion = 10.0.40219.1
Project("{9A19103F-16F7-4668-BE54-9A1E7A4F7556}") = "Blazor.Contacts.Wasm.Server", "Blazor.Contacts.Wasm\Server\Blazor.Contacts.Wasm.Server.csproj", "{B77D9CA2-1BEF-4817-A23B-ECF83A385941}"
EndProject
Project("{9A19103F-16F7-4668-BE54-9A1E7A4F7556}") = "Blazor.Contacts.Wasm.Client", "Blazor.Contacts.Wasm\Client\Blazor.Contacts.Wasm.Client.csproj", "{9E9E2BE1-9224-49AA-A1D2-81C8B33C002C}"
EndProject
Project("{9A19103F-16F7-4668-BE54-9A1E7A4F7556}") = "Blazor.Contacts.Wasm.Shared", "Blazor.Contacts.Wasm\Shared\Blazor.Contacts.Wasm.Shared.csproj", "{55A336F1-A328-4088-8A71-C6BF75AC3BB9}"
EndProject
Project("{9A19103F-16F7-4668-BE54-9A1E7A4F7556}") = "Blazor.Contacts.Wasm.Repository", "Blazor.Contacts.Wasm.Repository\Blazor.Contacts.Wasm.Repository.csproj", "{F078A316-999F-4FF5-BA2A-484A41823EEF}"
EndProject
Global
	GlobalSection(SolutionConfigurationPlatforms) = preSolution
		Debug|Any CPU = Debug|Any CPU
		Release|Any CPU = Release|Any CPU
	EndGlobalSection
	GlobalSection(ProjectConfigurationPlatforms) = postSolution
		{B77D9CA2-1BEF-4817-A23B-ECF83A385941}.Debug|Any CPU.ActiveCfg = Debug|Any CPU
		{B77D9CA2-1BEF-4817-A23B-ECF83A385941}.Debug|Any CPU.Build.0 = Debug|Any CPU
		{B77D9CA2-1BEF-4817-A23B-ECF83A385941}.Release|Any CPU.ActiveCfg = Release|Any CPU
		{B77D9CA2-1BEF-4817-A23B-ECF83A385941}.Release|Any CPU.Build.0 = Release|Any CPU
		{9E9E2BE1-9224-49AA-A1D2-81C8B33C002C}.Debug|Any CPU.ActiveCfg = Debug|Any CPU
		{9E9E2BE1-9224-49AA-A1D2-81C8B33C002C}.Debug|Any CPU.Build.0 = Debug|Any CPU
		{9E9E2BE1-9224-49AA-A1D2-81C8B33C002C}.Release|Any CPU.ActiveCfg = Release|Any CPU
		{9E9E2BE1-9224-49AA-A1D2-81C8B33C002C}.Release|Any CPU.Build.0 = Release|Any CPU
		{55A336F1-A328-4088-8A71-C6BF75AC3BB9}.Debug|Any CPU.ActiveCfg = Debug|Any CPU
		{55A336F1-A328-4088-8A71-C6BF75AC3BB9}.Debug|Any CPU.Build.0 = Debug|Any CPU
		{55A336F1-A328-4088-8A71-C6BF75AC3BB9}.Release|Any CPU.ActiveCfg = Release|Any CPU
		{55A336F1-A328-4088-8A71-C6BF75AC3BB9}.Release|Any CPU.Build.0 = Release|Any CPU
		{F078A316-999F-4FF5-BA2A-484A41823EEF}.Debug|Any CPU.ActiveCfg = Debug|Any CPU
		{F078A316-999F-4FF5-BA2A-484A41823EEF}.Debug|Any CPU.Build.0 = Debug|Any CPU
		{F078A316-999F-4FF5-BA2A-484A41823EEF}.Release|Any CPU.ActiveCfg = Release|Any CPU
		{F078A316-999F-4FF5-BA2A-484A41823EEF}.Release|Any CPU.Build.0 = Release|Any CPU
	EndGlobalSection
	GlobalSection(SolutionProperties) = preSolution
		HideSolutionNode = FALSE
	EndGlobalSection
	GlobalSection(ExtensibilityGlobals) = postSolution
		SolutionGuid = {B9391D40-13EA-4B14-BB64-DD137E24E079}
	EndGlobalSection
EndGlobal
